
Microsoft Visual Studio Solution File, Format Version 12.00
# Visual Studio Version 17
VisualStudioVersion = 17.6.33815.320
MinimumVisualStudioVersion = 10.0.40219.1
Project("{FAE04EC0-301F-11D3-BF4B-00C04F79EFBC}") = "Praksa", "Praksa\Praksa.csproj", "{615B147B-536D-4AA4-B55F-D61397CFBEF8}"
EndProject
Project("{FAE04EC0-301F-11D3-BF4B-00C04F79EFBC}") = "Core", "Core\Core.csproj", "{0FA431CA-6FF1-4828-AA1B-82940EFBCABA}"
EndProject
Project("{FAE04EC0-301F-11D3-BF4B-00C04F79EFBC}") = "Infrastructure", "Infrastructure\Infrastructure.csproj", "{D8DFA5CF-BCB3-4828-BFC6-8ADA67797313}"
EndProject
Global
	GlobalSection(SolutionConfigurationPlatforms) = preSolution
		Debug|Any CPU = Debug|Any CPU
		Release|Any CPU = Release|Any CPU
	EndGlobalSection
	GlobalSection(ProjectConfigurationPlatforms) = postSolution
		{615B147B-536D-4AA4-B55F-D61397CFBEF8}.Debug|Any CPU.ActiveCfg = Debug|Any CPU
		{615B147B-536D-4AA4-B55F-D61397CFBEF8}.Debug|Any CPU.Build.0 = Debug|Any CPU
		{615B147B-536D-4AA4-B55F-D61397CFBEF8}.Release|Any CPU.ActiveCfg = Release|Any CPU
		{615B147B-536D-4AA4-B55F-D61397CFBEF8}.Release|Any CPU.Build.0 = Release|Any CPU
		{0FA431CA-6FF1-4828-AA1B-82940EFBCABA}.Debug|Any CPU.ActiveCfg = Debug|Any CPU
		{0FA431CA-6FF1-4828-AA1B-82940EFBCABA}.Debug|Any CPU.Build.0 = Debug|Any CPU
		{0FA431CA-6FF1-4828-AA1B-82940EFBCABA}.Release|Any CPU.ActiveCfg = Release|Any CPU
		{0FA431CA-6FF1-4828-AA1B-82940EFBCABA}.Release|Any CPU.Build.0 = Release|Any CPU
		{D8DFA5CF-BCB3-4828-BFC6-8ADA67797313}.Debug|Any CPU.ActiveCfg = Debug|Any CPU
		{D8DFA5CF-BCB3-4828-BFC6-8ADA67797313}.Debug|Any CPU.Build.0 = Debug|Any CPU
		{D8DFA5CF-BCB3-4828-BFC6-8ADA67797313}.Release|Any CPU.ActiveCfg = Release|Any CPU
		{D8DFA5CF-BCB3-4828-BFC6-8ADA67797313}.Release|Any CPU.Build.0 = Release|Any CPU
	EndGlobalSection
	GlobalSection(SolutionProperties) = preSolution
		HideSolutionNode = FALSE
	EndGlobalSection
	GlobalSection(ExtensibilityGlobals) = postSolution
		SolutionGuid = {0248E8D8-B4FD-44D0-B70D-5306B972093A}
	EndGlobalSection
EndGlobal
